
Microsoft Visual Studio Solution File, Format Version 12.00
Project("{FAE04EC0-301F-11D3-BF4B-00C04F79EFBC}") = "Utilisateur", "Utilisateur\Utilisateur.csproj", "{941242AA-CEFC-47AC-A9B7-83F1186A1D1D}"
EndProject
Project("{2150E333-8FDC-42A3-9474-1A3956D46DE8}") = "Solution Items", "Solution Items", "{6E05DA3F-4010-480C-89BF-B1E3EAD6E4B5}"
	ProjectSection(SolutionItems) = preProject
		docker-compose.main.yml = docker-compose.main.yml
	EndProjectSection
EndProject
Project("{FAE04EC0-301F-11D3-BF4B-00C04F79EFBC}") = "Historique", "Historique\Historique.csproj", "{44096587-648E-471F-8CFF-483E03F99A44}"
EndProject
Project("{FAE04EC0-301F-11D3-BF4B-00C04F79EFBC}") = "ApiGateway", "ApiGateway\ApiGateway.csproj", "{BCF6BF71-E46C-447D-9304-FF5B9857F636}"
EndProject
Project("{FAE04EC0-301F-11D3-BF4B-00C04F79EFBC}") = "Film", "Film\Film.csproj", "{790334EA-3FBE-4F3D-AFEA-8CE8BF93F1FD}"
EndProject
Global
	GlobalSection(SolutionConfigurationPlatforms) = preSolution
		Debug|Any CPU = Debug|Any CPU
		Release|Any CPU = Release|Any CPU
	EndGlobalSection
	GlobalSection(ProjectConfigurationPlatforms) = postSolution
		{941242AA-CEFC-47AC-A9B7-83F1186A1D1D}.Debug|Any CPU.ActiveCfg = Debug|Any CPU
		{941242AA-CEFC-47AC-A9B7-83F1186A1D1D}.Debug|Any CPU.Build.0 = Debug|Any CPU
		{941242AA-CEFC-47AC-A9B7-83F1186A1D1D}.Release|Any CPU.ActiveCfg = Release|Any CPU
		{941242AA-CEFC-47AC-A9B7-83F1186A1D1D}.Release|Any CPU.Build.0 = Release|Any CPU
		{44096587-648E-471F-8CFF-483E03F99A44}.Debug|Any CPU.ActiveCfg = Debug|Any CPU
		{44096587-648E-471F-8CFF-483E03F99A44}.Debug|Any CPU.Build.0 = Debug|Any CPU
		{44096587-648E-471F-8CFF-483E03F99A44}.Release|Any CPU.ActiveCfg = Release|Any CPU
		{44096587-648E-471F-8CFF-483E03F99A44}.Release|Any CPU.Build.0 = Release|Any CPU
		{BCF6BF71-E46C-447D-9304-FF5B9857F636}.Debug|Any CPU.ActiveCfg = Debug|Any CPU
		{BCF6BF71-E46C-447D-9304-FF5B9857F636}.Debug|Any CPU.Build.0 = Debug|Any CPU
		{BCF6BF71-E46C-447D-9304-FF5B9857F636}.Release|Any CPU.ActiveCfg = Release|Any CPU
		{BCF6BF71-E46C-447D-9304-FF5B9857F636}.Release|Any CPU.Build.0 = Release|Any CPU
		{790334EA-3FBE-4F3D-AFEA-8CE8BF93F1FD}.Debug|Any CPU.ActiveCfg = Debug|Any CPU
		{790334EA-3FBE-4F3D-AFEA-8CE8BF93F1FD}.Debug|Any CPU.Build.0 = Debug|Any CPU
		{790334EA-3FBE-4F3D-AFEA-8CE8BF93F1FD}.Release|Any CPU.ActiveCfg = Release|Any CPU
		{790334EA-3FBE-4F3D-AFEA-8CE8BF93F1FD}.Release|Any CPU.Build.0 = Release|Any CPU
	EndGlobalSection
EndGlobal
